
Microsoft Visual Studio Solution File, Format Version 12.00
# Visual Studio Version 17
VisualStudioVersion = 17.3.32929.385
MinimumVisualStudioVersion = 10.0.40219.1
Project("{FAE04EC0-301F-11D3-BF4B-00C04F79EFBC}") = "DDWProduceDrawing_Viewer", "DDWProduceDrawing_Viewer\DDWProduceDrawing_Viewer.csproj", "{705DC4AF-0854-4F0A-A745-FA1AAC54D261}"
EndProject
Global
	GlobalSection(SolutionConfigurationPlatforms) = preSolution
		Debug|Any CPU = Debug|Any CPU
		Debug|x64 = Debug|x64
		Release|Any CPU = Release|Any CPU
		Release|x64 = Release|x64
	EndGlobalSection
	GlobalSection(ProjectConfigurationPlatforms) = postSolution
		{705DC4AF-0854-4F0A-A745-FA1AAC54D261}.Debug|Any CPU.ActiveCfg = Debug|Any CPU
		{705DC4AF-0854-4F0A-A745-FA1AAC54D261}.Debug|Any CPU.Build.0 = Debug|Any CPU
		{705DC4AF-0854-4F0A-A745-FA1AAC54D261}.Debug|x64.ActiveCfg = Debug|x64
		{705DC4AF-0854-4F0A-A745-FA1AAC54D261}.Debug|x64.Build.0 = Debug|x64
		{705DC4AF-0854-4F0A-A745-FA1AAC54D261}.Release|Any CPU.ActiveCfg = Release|Any CPU
		{705DC4AF-0854-4F0A-A745-FA1AAC54D261}.Release|Any CPU.Build.0 = Release|Any CPU
		{705DC4AF-0854-4F0A-A745-FA1AAC54D261}.Release|x64.ActiveCfg = Release|x64
		{705DC4AF-0854-4F0A-A745-FA1AAC54D261}.Release|x64.Build.0 = Release|x64
	EndGlobalSection
	GlobalSection(SolutionProperties) = preSolution
		HideSolutionNode = FALSE
	EndGlobalSection
	GlobalSection(ExtensibilityGlobals) = postSolution
		SolutionGuid = {C1F5DA69-85B7-4405-97A1-0118CF72E57E}
	EndGlobalSection
EndGlobal
