
Microsoft Visual Studio Solution File, Format Version 12.00
# Visual Studio Version 17
VisualStudioVersion = 17.3.32929.385
MinimumVisualStudioVersion = 10.0.40219.1
Project("{FAE04EC0-301F-11D3-BF4B-00C04F79EFBC}") = "DDWProduceDrawing_Viewer", "DDWProduceDrawing_Viewer\DDWProduceDrawing_Viewer.csproj", "{705DC4AF-0854-4F0A-A745-FA1AAC54D261}"
EndProject
Project("{FAE04EC0-301F-11D3-BF4B-00C04F79EFBC}") = "Dinno.Hu3d.UI.Wpf.Core", "D:\Git\ddworks.app\Dinno.Hu3d.UI.Wpf\Dinno.Hu3d.UI.Wpf.Core.csproj", "{39A9F4BB-FC26-4AE5-9669-98520268508B}"
EndProject
Global
	GlobalSection(SolutionConfigurationPlatforms) = preSolution
		Debug|Any CPU = Debug|Any CPU
		Debug|x64 = Debug|x64
		Release_ELEC|Any CPU = Release_ELEC|Any CPU
		Release_ELEC|x64 = Release_ELEC|x64
		Release_PDMS|Any CPU = Release_PDMS|Any CPU
		Release_PDMS|x64 = Release_PDMS|x64
		Release_SDAC|Any CPU = Release_SDAC|Any CPU
		Release_SDAC|x64 = Release_SDAC|x64
		Release|Any CPU = Release|Any CPU
		Release|x64 = Release|x64
	EndGlobalSection
	GlobalSection(ProjectConfigurationPlatforms) = postSolution
		{705DC4AF-0854-4F0A-A745-FA1AAC54D261}.Debug|Any CPU.ActiveCfg = Debug|Any CPU
		{705DC4AF-0854-4F0A-A745-FA1AAC54D261}.Debug|Any CPU.Build.0 = Debug|Any CPU
		{705DC4AF-0854-4F0A-A745-FA1AAC54D261}.Debug|x64.ActiveCfg = Debug|x64
		{705DC4AF-0854-4F0A-A745-FA1AAC54D261}.Debug|x64.Build.0 = Debug|x64
		{705DC4AF-0854-4F0A-A745-FA1AAC54D261}.Release_ELEC|Any CPU.ActiveCfg = Release|Any CPU
		{705DC4AF-0854-4F0A-A745-FA1AAC54D261}.Release_ELEC|Any CPU.Build.0 = Release|Any CPU
		{705DC4AF-0854-4F0A-A745-FA1AAC54D261}.Release_ELEC|x64.ActiveCfg = Release|x64
		{705DC4AF-0854-4F0A-A745-FA1AAC54D261}.Release_ELEC|x64.Build.0 = Release|x64
		{705DC4AF-0854-4F0A-A745-FA1AAC54D261}.Release_PDMS|Any CPU.ActiveCfg = Release|Any CPU
		{705DC4AF-0854-4F0A-A745-FA1AAC54D261}.Release_PDMS|Any CPU.Build.0 = Release|Any CPU
		{705DC4AF-0854-4F0A-A745-FA1AAC54D261}.Release_PDMS|x64.ActiveCfg = Release|x64
		{705DC4AF-0854-4F0A-A745-FA1AAC54D261}.Release_PDMS|x64.Build.0 = Release|x64
		{705DC4AF-0854-4F0A-A745-FA1AAC54D261}.Release_SDAC|Any CPU.ActiveCfg = Release|Any CPU
		{705DC4AF-0854-4F0A-A745-FA1AAC54D261}.Release_SDAC|Any CPU.Build.0 = Release|Any CPU
		{705DC4AF-0854-4F0A-A745-FA1AAC54D261}.Release_SDAC|x64.ActiveCfg = Release|x64
		{705DC4AF-0854-4F0A-A745-FA1AAC54D261}.Release_SDAC|x64.Build.0 = Release|x64
		{705DC4AF-0854-4F0A-A745-FA1AAC54D261}.Release|Any CPU.ActiveCfg = Release|Any CPU
		{705DC4AF-0854-4F0A-A745-FA1AAC54D261}.Release|Any CPU.Build.0 = Release|Any CPU
		{705DC4AF-0854-4F0A-A745-FA1AAC54D261}.Release|x64.ActiveCfg = Release|x64
		{705DC4AF-0854-4F0A-A745-FA1AAC54D261}.Release|x64.Build.0 = Release|x64
		{39A9F4BB-FC26-4AE5-9669-98520268508B}.Debug|Any CPU.ActiveCfg = Debug|Any CPU
		{39A9F4BB-FC26-4AE5-9669-98520268508B}.Debug|Any CPU.Build.0 = Debug|Any CPU
		{39A9F4BB-FC26-4AE5-9669-98520268508B}.Debug|x64.ActiveCfg = Debug|x64
		{39A9F4BB-FC26-4AE5-9669-98520268508B}.Debug|x64.Build.0 = Debug|x64
		{39A9F4BB-FC26-4AE5-9669-98520268508B}.Release_ELEC|Any CPU.ActiveCfg = Release_ELEC|Any CPU
		{39A9F4BB-FC26-4AE5-9669-98520268508B}.Release_ELEC|Any CPU.Build.0 = Release_ELEC|Any CPU
		{39A9F4BB-FC26-4AE5-9669-98520268508B}.Release_ELEC|x64.ActiveCfg = Release_ELEC|x64
		{39A9F4BB-FC26-4AE5-9669-98520268508B}.Release_ELEC|x64.Build.0 = Release_ELEC|x64
		{39A9F4BB-FC26-4AE5-9669-98520268508B}.Release_PDMS|Any CPU.ActiveCfg = Release_PDMS|Any CPU
		{39A9F4BB-FC26-4AE5-9669-98520268508B}.Release_PDMS|Any CPU.Build.0 = Release_PDMS|Any CPU
		{39A9F4BB-FC26-4AE5-9669-98520268508B}.Release_PDMS|x64.ActiveCfg = Release_PDMS|x64
		{39A9F4BB-FC26-4AE5-9669-98520268508B}.Release_PDMS|x64.Build.0 = Release_PDMS|x64
		{39A9F4BB-FC26-4AE5-9669-98520268508B}.Release_SDAC|Any CPU.ActiveCfg = Release_SDAC|Any CPU
		{39A9F4BB-FC26-4AE5-9669-98520268508B}.Release_SDAC|Any CPU.Build.0 = Release_SDAC|Any CPU
		{39A9F4BB-FC26-4AE5-9669-98520268508B}.Release_SDAC|x64.ActiveCfg = Release_SDAC|x64
		{39A9F4BB-FC26-4AE5-9669-98520268508B}.Release_SDAC|x64.Build.0 = Release_SDAC|x64
		{39A9F4BB-FC26-4AE5-9669-98520268508B}.Release|Any CPU.ActiveCfg = Release|Any CPU
		{39A9F4BB-FC26-4AE5-9669-98520268508B}.Release|Any CPU.Build.0 = Release|Any CPU
		{39A9F4BB-FC26-4AE5-9669-98520268508B}.Release|x64.ActiveCfg = Release|x64
		{39A9F4BB-FC26-4AE5-9669-98520268508B}.Release|x64.Build.0 = Release|x64
	EndGlobalSection
	GlobalSection(SolutionProperties) = preSolution
		HideSolutionNode = FALSE
	EndGlobalSection
	GlobalSection(ExtensibilityGlobals) = postSolution
		SolutionGuid = {C1F5DA69-85B7-4405-97A1-0118CF72E57E}
	EndGlobalSection
EndGlobal
